// !$*UTF8*$!
{
	archiveVersion = 1;
	classes = {
	};
	objectVersion = 56;
	objects = {

/* Begin PBXBuildFile section */
		18A79528293EFAD70013FC9E /* VCprodiscription.swift in Sources */ = {isa = PBXBuildFile; fileRef = 18A79527293EFAD70013FC9E /* VCprodiscription.swift */; };
		18B0B6BA293CDA8A009443B0 /* AppDelegate.swift in Sources */ = {isa = PBXBuildFile; fileRef = 18B0B6B9293CDA8A009443B0 /* AppDelegate.swift */; };
		18B0B6BC293CDA8A009443B0 /* SceneDelegate.swift in Sources */ = {isa = PBXBuildFile; fileRef = 18B0B6BB293CDA8A009443B0 /* SceneDelegate.swift */; };
		18B0B6BE293CDA8A009443B0 /* ViewController.swift in Sources */ = {isa = PBXBuildFile; fileRef = 18B0B6BD293CDA8A009443B0 /* ViewController.swift */; };
		18B0B6C1293CDA8A009443B0 /* Main.storyboard in Resources */ = {isa = PBXBuildFile; fileRef = 18B0B6BF293CDA8A009443B0 /* Main.storyboard */; };
		18B0B6C4293CDA8A009443B0 /* Taskget.xcdatamodeld in Sources */ = {isa = PBXBuildFile; fileRef = 18B0B6C2293CDA8A009443B0 /* Taskget.xcdatamodeld */; };
		18B0B6C6293CDA8C009443B0 /* Assets.xcassets in Resources */ = {isa = PBXBuildFile; fileRef = 18B0B6C5293CDA8C009443B0 /* Assets.xcassets */; };
		18B0B6C9293CDA8C009443B0 /* LaunchScreen.storyboard in Resources */ = {isa = PBXBuildFile; fileRef = 18B0B6C7293CDA8C009443B0 /* LaunchScreen.storyboard */; };
		18B0B6D4293CDA8C009443B0 /* TaskgetTests.swift in Sources */ = {isa = PBXBuildFile; fileRef = 18B0B6D3293CDA8C009443B0 /* TaskgetTests.swift */; };
		18B0B6DE293CDA8C009443B0 /* TaskgetUITests.swift in Sources */ = {isa = PBXBuildFile; fileRef = 18B0B6DD293CDA8C009443B0 /* TaskgetUITests.swift */; };
		18B0B6E0293CDA8C009443B0 /* TaskgetUITestsLaunchTests.swift in Sources */ = {isa = PBXBuildFile; fileRef = 18B0B6DF293CDA8C009443B0 /* TaskgetUITestsLaunchTests.swift */; };
		18B0B6EE293CF241009443B0 /* cvcCategory.swift in Sources */ = {isa = PBXBuildFile; fileRef = 18B0B6EC293CF241009443B0 /* cvcCategory.swift */; };
		18B0B6F1293CF28C009443B0 /* cvcProducts.swift in Sources */ = {isa = PBXBuildFile; fileRef = 18B0B6F0293CF28C009443B0 /* cvcProducts.swift */; };
		76DBF9EE1F75DA1B41DE1FE0 /* Pods_Taskget.framework in Frameworks */ = {isa = PBXBuildFile; fileRef = 854C314B9EDC747091DA51E2 /* Pods_Taskget.framework */; };
		86910364D2A3AA13CAD47FCB /* Pods_Taskget_TaskgetUITests.framework in Frameworks */ = {isa = PBXBuildFile; fileRef = 11568A0F8F072AE5CD4D409D /* Pods_Taskget_TaskgetUITests.framework */; };
		A34577649A7E53DC7A8D2DC9 /* Pods_TaskgetTests.framework in Frameworks */ = {isa = PBXBuildFile; fileRef = 1730ACC78EE8D7B5A150A6DC /* Pods_TaskgetTests.framework */; };
/* End PBXBuildFile section */

/* Begin PBXContainerItemProxy section */
		18B0B6D0293CDA8C009443B0 /* PBXContainerItemProxy */ = {
			isa = PBXContainerItemProxy;
			containerPortal = 18B0B6AE293CDA8A009443B0 /* Project object */;
			proxyType = 1;
			remoteGlobalIDString = 18B0B6B5293CDA8A009443B0;
			remoteInfo = Taskget;
		};
		18B0B6DA293CDA8C009443B0 /* PBXContainerItemProxy */ = {
			isa = PBXContainerItemProxy;
			containerPortal = 18B0B6AE293CDA8A009443B0 /* Project object */;
			proxyType = 1;
			remoteGlobalIDString = 18B0B6B5293CDA8A009443B0;
			remoteInfo = Taskget;
		};
/* End PBXContainerItemProxy section */

/* Begin PBXFileReference section */
		11568A0F8F072AE5CD4D409D /* Pods_Taskget_TaskgetUITests.framework */ = {isa = PBXFileReference; explicitFileType = wrapper.framework; includeInIndex = 0; path = Pods_Taskget_TaskgetUITests.framework; sourceTree = BUILT_PRODUCTS_DIR; };
		1730ACC78EE8D7B5A150A6DC /* Pods_TaskgetTests.framework */ = {isa = PBXFileReference; explicitFileType = wrapper.framework; includeInIndex = 0; path = Pods_TaskgetTests.framework; sourceTree = BUILT_PRODUCTS_DIR; };
		18A79527293EFAD70013FC9E /* VCprodiscription.swift */ = {isa = PBXFileReference; lastKnownFileType = sourcecode.swift; path = VCprodiscription.swift; sourceTree = "<group>"; };
		18B0B6B6293CDA8A009443B0 /* Taskget.app */ = {isa = PBXFileReference; explicitFileType = wrapper.application; includeInIndex = 0; path = Taskget.app; sourceTree = BUILT_PRODUCTS_DIR; };
		18B0B6B9293CDA8A009443B0 /* AppDelegate.swift */ = {isa = PBXFileReference; lastKnownFileType = sourcecode.swift; path = AppDelegate.swift; sourceTree = "<group>"; };
		18B0B6BB293CDA8A009443B0 /* SceneDelegate.swift */ = {isa = PBXFileReference; lastKnownFileType = sourcecode.swift; path = SceneDelegate.swift; sourceTree = "<group>"; };
		18B0B6BD293CDA8A009443B0 /* ViewController.swift */ = {isa = PBXFileReference; lastKnownFileType = sourcecode.swift; path = ViewController.swift; sourceTree = "<group>"; };
		18B0B6C0293CDA8A009443B0 /* Base */ = {isa = PBXFileReference; lastKnownFileType = file.storyboard; name = Base; path = Base.lproj/Main.storyboard; sourceTree = "<group>"; };
		18B0B6C3293CDA8A009443B0 /* Taskget.xcdatamodel */ = {isa = PBXFileReference; lastKnownFileType = wrapper.xcdatamodel; path = Taskget.xcdatamodel; sourceTree = "<group>"; };
		18B0B6C5293CDA8C009443B0 /* Assets.xcassets */ = {isa = PBXFileReference; lastKnownFileType = folder.assetcatalog; path = Assets.xcassets; sourceTree = "<group>"; };
		18B0B6C8293CDA8C009443B0 /* Base */ = {isa = PBXFileReference; lastKnownFileType = file.storyboard; name = Base; path = Base.lproj/LaunchScreen.storyboard; sourceTree = "<group>"; };
		18B0B6CA293CDA8C009443B0 /* Info.plist */ = {isa = PBXFileReference; lastKnownFileType = text.plist.xml; path = Info.plist; sourceTree = "<group>"; };
		18B0B6CF293CDA8C009443B0 /* TaskgetTests.xctest */ = {isa = PBXFileReference; explicitFileType = wrapper.cfbundle; includeInIndex = 0; path = TaskgetTests.xctest; sourceTree = BUILT_PRODUCTS_DIR; };
		18B0B6D3293CDA8C009443B0 /* TaskgetTests.swift */ = {isa = PBXFileReference; lastKnownFileType = sourcecode.swift; path = TaskgetTests.swift; sourceTree = "<group>"; };
		18B0B6D9293CDA8C009443B0 /* TaskgetUITests.xctest */ = {isa = PBXFileReference; explicitFileType = wrapper.cfbundle; includeInIndex = 0; path = TaskgetUITests.xctest; sourceTree = BUILT_PRODUCTS_DIR; };
		18B0B6DD293CDA8C009443B0 /* TaskgetUITests.swift */ = {isa = PBXFileReference; lastKnownFileType = sourcecode.swift; path = TaskgetUITests.swift; sourceTree = "<group>"; };
		18B0B6DF293CDA8C009443B0 /* TaskgetUITestsLaunchTests.swift */ = {isa = PBXFileReference; lastKnownFileType = sourcecode.swift; path = TaskgetUITestsLaunchTests.swift; sourceTree = "<group>"; };
		18B0B6EC293CF241009443B0 /* cvcCategory.swift */ = {isa = PBXFileReference; lastKnownFileType = sourcecode.swift; path = cvcCategory.swift; sourceTree = "<group>"; };
		18B0B6F0293CF28C009443B0 /* cvcProducts.swift */ = {isa = PBXFileReference; lastKnownFileType = sourcecode.swift; path = cvcProducts.swift; sourceTree = "<group>"; };
		23EF5CB391CF8FD407082E7D /* Pods-Taskget.release.xcconfig */ = {isa = PBXFileReference; includeInIndex = 1; lastKnownFileType = text.xcconfig; name = "Pods-Taskget.release.xcconfig"; path = "Target Support Files/Pods-Taskget/Pods-Taskget.release.xcconfig"; sourceTree = "<group>"; };
		415299C645CA089888463782 /* Pods-TaskgetTests.release.xcconfig */ = {isa = PBXFileReference; includeInIndex = 1; lastKnownFileType = text.xcconfig; name = "Pods-TaskgetTests.release.xcconfig"; path = "Target Support Files/Pods-TaskgetTests/Pods-TaskgetTests.release.xcconfig"; sourceTree = "<group>"; };
		4EA2529180CC90296328259B /* Pods-Taskget-TaskgetUITests.debug.xcconfig */ = {isa = PBXFileReference; includeInIndex = 1; lastKnownFileType = text.xcconfig; name = "Pods-Taskget-TaskgetUITests.debug.xcconfig"; path = "Target Support Files/Pods-Taskget-TaskgetUITests/Pods-Taskget-TaskgetUITests.debug.xcconfig"; sourceTree = "<group>"; };
		5BDFCA7306EF2B622EA4E0F4 /* Pods-Taskget.debug.xcconfig */ = {isa = PBXFileReference; includeInIndex = 1; lastKnownFileType = text.xcconfig; name = "Pods-Taskget.debug.xcconfig"; path = "Target Support Files/Pods-Taskget/Pods-Taskget.debug.xcconfig"; sourceTree = "<group>"; };
		854C314B9EDC747091DA51E2 /* Pods_Taskget.framework */ = {isa = PBXFileReference; explicitFileType = wrapper.framework; includeInIndex = 0; path = Pods_Taskget.framework; sourceTree = BUILT_PRODUCTS_DIR; };
		9EDB589DCD482478FC8D6B7E /* Pods-Taskget-TaskgetUITests.release.xcconfig */ = {isa = PBXFileReference; includeInIndex = 1; lastKnownFileType = text.xcconfig; name = "Pods-Taskget-TaskgetUITests.release.xcconfig"; path = "Target Support Files/Pods-Taskget-TaskgetUITests/Pods-Taskget-TaskgetUITests.release.xcconfig"; sourceTree = "<group>"; };
		BD33F0223D2AC73C229343CB /* Pods-TaskgetTests.debug.xcconfig */ = {isa = PBXFileReference; includeInIndex = 1; lastKnownFileType = text.xcconfig; name = "Pods-TaskgetTests.debug.xcconfig"; path = "Target Support Files/Pods-TaskgetTests/Pods-TaskgetTests.debug.xcconfig"; sourceTree = "<group>"; };
/* End PBXFileReference section */

/* Begin PBXFrameworksBuildPhase section */
		18B0B6B3293CDA8A009443B0 /* Frameworks */ = {
			isa = PBXFrameworksBuildPhase;
			buildActionMask = 2147483647;
			files = (
				76DBF9EE1F75DA1B41DE1FE0 /* Pods_Taskget.framework in Frameworks */,
			);
			runOnlyForDeploymentPostprocessing = 0;
		};
		18B0B6CC293CDA8C009443B0 /* Frameworks */ = {
			isa = PBXFrameworksBuildPhase;
			buildActionMask = 2147483647;
			files = (
				A34577649A7E53DC7A8D2DC9 /* Pods_TaskgetTests.framework in Frameworks */,
			);
			runOnlyForDeploymentPostprocessing = 0;
		};
		18B0B6D6293CDA8C009443B0 /* Frameworks */ = {
			isa = PBXFrameworksBuildPhase;
			buildActionMask = 2147483647;
			files = (
				86910364D2A3AA13CAD47FCB /* Pods_Taskget_TaskgetUITests.framework in Frameworks */,
			);
			runOnlyForDeploymentPostprocessing = 0;
		};
/* End PBXFrameworksBuildPhase section */

/* Begin PBXGroup section */
		18B0B6AD293CDA8A009443B0 = {
			isa = PBXGroup;
			children = (
				18B0B6B8293CDA8A009443B0 /* Taskget */,
				18B0B6D2293CDA8C009443B0 /* TaskgetTests */,
				18B0B6DC293CDA8C009443B0 /* TaskgetUITests */,
				18B0B6B7293CDA8A009443B0 /* Products */,
				20F91553B1EF5ABF415ACF5A /* Pods */,
				FAD40DC403C38F0A0549D70D /* Frameworks */,
			);
			sourceTree = "<group>";
		};
		18B0B6B7293CDA8A009443B0 /* Products */ = {
			isa = PBXGroup;
			children = (
				18B0B6B6293CDA8A009443B0 /* Taskget.app */,
				18B0B6CF293CDA8C009443B0 /* TaskgetTests.xctest */,
				18B0B6D9293CDA8C009443B0 /* TaskgetUITests.xctest */,
			);
			name = Products;
			sourceTree = "<group>";
		};
		18B0B6B8293CDA8A009443B0 /* Taskget */ = {
			isa = PBXGroup;
			children = (
				18B0B6B9293CDA8A009443B0 /* AppDelegate.swift */,
				18B0B6BB293CDA8A009443B0 /* SceneDelegate.swift */,
				18B0B6BD293CDA8A009443B0 /* ViewController.swift */,
				18A79527293EFAD70013FC9E /* VCprodiscription.swift */,
				18B0B6EC293CF241009443B0 /* cvcCategory.swift */,
				18B0B6F0293CF28C009443B0 /* cvcProducts.swift */,
				18B0B6BF293CDA8A009443B0 /* Main.storyboard */,
				18B0B6C5293CDA8C009443B0 /* Assets.xcassets */,
				18B0B6C7293CDA8C009443B0 /* LaunchScreen.storyboard */,
				18B0B6CA293CDA8C009443B0 /* Info.plist */,
				18B0B6C2293CDA8A009443B0 /* Taskget.xcdatamodeld */,
			);
			path = Taskget;
			sourceTree = "<group>";
		};
		18B0B6D2293CDA8C009443B0 /* TaskgetTests */ = {
			isa = PBXGroup;
			children = (
				18B0B6D3293CDA8C009443B0 /* TaskgetTests.swift */,
			);
			path = TaskgetTests;
			sourceTree = "<group>";
		};
		18B0B6DC293CDA8C009443B0 /* TaskgetUITests */ = {
			isa = PBXGroup;
			children = (
				18B0B6DD293CDA8C009443B0 /* TaskgetUITests.swift */,
				18B0B6DF293CDA8C009443B0 /* TaskgetUITestsLaunchTests.swift */,
			);
			path = TaskgetUITests;
			sourceTree = "<group>";
		};
		20F91553B1EF5ABF415ACF5A /* Pods */ = {
			isa = PBXGroup;
			children = (
				5BDFCA7306EF2B622EA4E0F4 /* Pods-Taskget.debug.xcconfig */,
				23EF5CB391CF8FD407082E7D /* Pods-Taskget.release.xcconfig */,
				4EA2529180CC90296328259B /* Pods-Taskget-TaskgetUITests.debug.xcconfig */,
				9EDB589DCD482478FC8D6B7E /* Pods-Taskget-TaskgetUITests.release.xcconfig */,
				BD33F0223D2AC73C229343CB /* Pods-TaskgetTests.debug.xcconfig */,
				415299C645CA089888463782 /* Pods-TaskgetTests.release.xcconfig */,
			);
			path = Pods;
			sourceTree = "<group>";
		};
		FAD40DC403C38F0A0549D70D /* Frameworks */ = {
			isa = PBXGroup;
			children = (
				854C314B9EDC747091DA51E2 /* Pods_Taskget.framework */,
				11568A0F8F072AE5CD4D409D /* Pods_Taskget_TaskgetUITests.framework */,
				1730ACC78EE8D7B5A150A6DC /* Pods_TaskgetTests.framework */,
			);
			name = Frameworks;
			sourceTree = "<group>";
		};
/* End PBXGroup section */

/* Begin PBXNativeTarget section */
		18B0B6B5293CDA8A009443B0 /* Taskget */ = {
			isa = PBXNativeTarget;
			buildConfigurationList = 18B0B6E3293CDA8C009443B0 /* Build configuration list for PBXNativeTarget "Taskget" */;
			buildPhases = (
				F924EC61AE3B507CEC61FC4C /* [CP] Check Pods Manifest.lock */,
				18B0B6B2293CDA8A009443B0 /* Sources */,
				18B0B6B3293CDA8A009443B0 /* Frameworks */,
				18B0B6B4293CDA8A009443B0 /* Resources */,
				84397D73D863EF1F949A59C7 /* [CP] Embed Pods Frameworks */,
			);
			buildRules = (
			);
			dependencies = (
			);
			name = Taskget;
			productName = Taskget;
			productReference = 18B0B6B6293CDA8A009443B0 /* Taskget.app */;
			productType = "com.apple.product-type.application";
		};
		18B0B6CE293CDA8C009443B0 /* TaskgetTests */ = {
			isa = PBXNativeTarget;
			buildConfigurationList = 18B0B6E6293CDA8C009443B0 /* Build configuration list for PBXNativeTarget "TaskgetTests" */;
			buildPhases = (
				C947D963C14DBB57F696415F /* [CP] Check Pods Manifest.lock */,
				18B0B6CB293CDA8C009443B0 /* Sources */,
				18B0B6CC293CDA8C009443B0 /* Frameworks */,
				18B0B6CD293CDA8C009443B0 /* Resources */,
			);
			buildRules = (
			);
			dependencies = (
				18B0B6D1293CDA8C009443B0 /* PBXTargetDependency */,
			);
			name = TaskgetTests;
			productName = TaskgetTests;
			productReference = 18B0B6CF293CDA8C009443B0 /* TaskgetTests.xctest */;
			productType = "com.apple.product-type.bundle.unit-test";
		};
		18B0B6D8293CDA8C009443B0 /* TaskgetUITests */ = {
			isa = PBXNativeTarget;
			buildConfigurationList = 18B0B6E9293CDA8C009443B0 /* Build configuration list for PBXNativeTarget "TaskgetUITests" */;
			buildPhases = (
				BDA806A4FC32E2E7FAAC3EA4 /* [CP] Check Pods Manifest.lock */,
				18B0B6D5293CDA8C009443B0 /* Sources */,
				18B0B6D6293CDA8C009443B0 /* Frameworks */,
				18B0B6D7293CDA8C009443B0 /* Resources */,
				AE0C810AA3C4CDD8D6640A7B /* [CP] Embed Pods Frameworks */,
			);
			buildRules = (
			);
			dependencies = (
				18B0B6DB293CDA8C009443B0 /* PBXTargetDependency */,
			);
			name = TaskgetUITests;
			productName = TaskgetUITests;
			productReference = 18B0B6D9293CDA8C009443B0 /* TaskgetUITests.xctest */;
			productType = "com.apple.product-type.bundle.ui-testing";
		};
/* End PBXNativeTarget section */

/* Begin PBXProject section */
		18B0B6AE293CDA8A009443B0 /* Project object */ = {
			isa = PBXProject;
			attributes = {
				BuildIndependentTargetsInParallel = 1;
				LastSwiftUpdateCheck = 1410;
				LastUpgradeCheck = 1410;
				TargetAttributes = {
					18B0B6B5293CDA8A009443B0 = {
						CreatedOnToolsVersion = 14.1;
					};
					18B0B6CE293CDA8C009443B0 = {
						CreatedOnToolsVersion = 14.1;
						TestTargetID = 18B0B6B5293CDA8A009443B0;
					};
					18B0B6D8293CDA8C009443B0 = {
						CreatedOnToolsVersion = 14.1;
						TestTargetID = 18B0B6B5293CDA8A009443B0;
					};
				};
			};
			buildConfigurationList = 18B0B6B1293CDA8A009443B0 /* Build configuration list for PBXProject "Taskget" */;
			compatibilityVersion = "Xcode 14.0";
			developmentRegion = en;
			hasScannedForEncodings = 0;
			knownRegions = (
				en,
				Base,
			);
			mainGroup = 18B0B6AD293CDA8A009443B0;
			productRefGroup = 18B0B6B7293CDA8A009443B0 /* Products */;
			projectDirPath = "";
			projectRoot = "";
			targets = (
				18B0B6B5293CDA8A009443B0 /* Taskget */,
				18B0B6CE293CDA8C009443B0 /* TaskgetTests */,
				18B0B6D8293CDA8C009443B0 /* TaskgetUITests */,
			);
		};
/* End PBXProject section */

/* Begin PBXResourcesBuildPhase section */
		18B0B6B4293CDA8A009443B0 /* Resources */ = {
			isa = PBXResourcesBuildPhase;
			buildActionMask = 2147483647;
			files = (
				18B0B6C9293CDA8C009443B0 /* LaunchScreen.storyboard in Resources */,
				18B0B6C6293CDA8C009443B0 /* Assets.xcassets in Resources */,
				18B0B6C1293CDA8A009443B0 /* Main.storyboard in Resources */,
			);
			runOnlyForDeploymentPostprocessing = 0;
		};
		18B0B6CD293CDA8C009443B0 /* Resources */ = {
			isa = PBXResourcesBuildPhase;
			buildActionMask = 2147483647;
			files = (
			);
			runOnlyForDeploymentPostprocessing = 0;
		};
		18B0B6D7293CDA8C009443B0 /* Resources */ = {
			isa = PBXResourcesBuildPhase;
			buildActionMask = 2147483647;
			files = (
			);
			runOnlyForDeploymentPostprocessing = 0;
		};
/* End PBXResourcesBuildPhase section */

/* Begin PBXShellScriptBuildPhase section */
		84397D73D863EF1F949A59C7 /* [CP] Embed Pods Frameworks */ = {
			isa = PBXShellScriptBuildPhase;
			buildActionMask = 2147483647;
			files = (
			);
			inputFileListPaths = (
				"${PODS_ROOT}/Target Support Files/Pods-Taskget/Pods-Taskget-frameworks-${CONFIGURATION}-input-files.xcfilelist",
			);
			name = "[CP] Embed Pods Frameworks";
			outputFileListPaths = (
				"${PODS_ROOT}/Target Support Files/Pods-Taskget/Pods-Taskget-frameworks-${CONFIGURATION}-output-files.xcfilelist",
			);
			runOnlyForDeploymentPostprocessing = 0;
			shellPath = /bin/sh;
			shellScript = "\"${PODS_ROOT}/Target Support Files/Pods-Taskget/Pods-Taskget-frameworks.sh\"\n";
			showEnvVarsInLog = 0;
		};
		AE0C810AA3C4CDD8D6640A7B /* [CP] Embed Pods Frameworks */ = {
			isa = PBXShellScriptBuildPhase;
			buildActionMask = 2147483647;
			files = (
			);
			inputFileListPaths = (
				"${PODS_ROOT}/Target Support Files/Pods-Taskget-TaskgetUITests/Pods-Taskget-TaskgetUITests-frameworks-${CONFIGURATION}-input-files.xcfilelist",
			);
			name = "[CP] Embed Pods Frameworks";
			outputFileListPaths = (
				"${PODS_ROOT}/Target Support Files/Pods-Taskget-TaskgetUITests/Pods-Taskget-TaskgetUITests-frameworks-${CONFIGURATION}-output-files.xcfilelist",
			);
			runOnlyForDeploymentPostprocessing = 0;
			shellPath = /bin/sh;
			shellScript = "\"${PODS_ROOT}/Target Support Files/Pods-Taskget-TaskgetUITests/Pods-Taskget-TaskgetUITests-frameworks.sh\"\n";
			showEnvVarsInLog = 0;
		};
		BDA806A4FC32E2E7FAAC3EA4 /* [CP] Check Pods Manifest.lock */ = {
			isa = PBXShellScriptBuildPhase;
			buildActionMask = 2147483647;
			files = (
			);
			inputFileListPaths = (
			);
			inputPaths = (
				"${PODS_PODFILE_DIR_PATH}/Podfile.lock",
				"${PODS_ROOT}/Manifest.lock",
			);
			name = "[CP] Check Pods Manifest.lock";
			outputFileListPaths = (
			);
			outputPaths = (
				"$(DERIVED_FILE_DIR)/Pods-Taskget-TaskgetUITests-checkManifestLockResult.txt",
			);
			runOnlyForDeploymentPostprocessing = 0;
			shellPath = /bin/sh;
			shellScript = "diff \"${PODS_PODFILE_DIR_PATH}/Podfile.lock\" \"${PODS_ROOT}/Manifest.lock\" > /dev/null\nif [ $? != 0 ] ; then\n    # print error to STDERR\n    echo \"error: The sandbox is not in sync with the Podfile.lock. Run 'pod install' or update your CocoaPods installation.\" >&2\n    exit 1\nfi\n# This output is used by Xcode 'outputs' to avoid re-running this script phase.\necho \"SUCCESS\" > \"${SCRIPT_OUTPUT_FILE_0}\"\n";
			showEnvVarsInLog = 0;
		};
		C947D963C14DBB57F696415F /* [CP] Check Pods Manifest.lock */ = {
			isa = PBXShellScriptBuildPhase;
			buildActionMask = 2147483647;
			files = (
			);
			inputFileListPaths = (
			);
			inputPaths = (
				"${PODS_PODFILE_DIR_PATH}/Podfile.lock",
				"${PODS_ROOT}/Manifest.lock",
			);
			name = "[CP] Check Pods Manifest.lock";
			outputFileListPaths = (
			);
			outputPaths = (
				"$(DERIVED_FILE_DIR)/Pods-TaskgetTests-checkManifestLockResult.txt",
			);
			runOnlyForDeploymentPostprocessing = 0;
			shellPath = /bin/sh;
			shellScript = "diff \"${PODS_PODFILE_DIR_PATH}/Podfile.lock\" \"${PODS_ROOT}/Manifest.lock\" > /dev/null\nif [ $? != 0 ] ; then\n    # print error to STDERR\n    echo \"error: The sandbox is not in sync with the Podfile.lock. Run 'pod install' or update your CocoaPods installation.\" >&2\n    exit 1\nfi\n# This output is used by Xcode 'outputs' to avoid re-running this script phase.\necho \"SUCCESS\" > \"${SCRIPT_OUTPUT_FILE_0}\"\n";
			showEnvVarsInLog = 0;
		};
		F924EC61AE3B507CEC61FC4C /* [CP] Check Pods Manifest.lock */ = {
			isa = PBXShellScriptBuildPhase;
			buildActionMask = 2147483647;
			files = (
			);
			inputFileListPaths = (
			);
			inputPaths = (
				"${PODS_PODFILE_DIR_PATH}/Podfile.lock",
				"${PODS_ROOT}/Manifest.lock",
			);
			name = "[CP] Check Pods Manifest.lock";
			outputFileListPaths = (
			);
			outputPaths = (
				"$(DERIVED_FILE_DIR)/Pods-Taskget-checkManifestLockResult.txt",
			);
			runOnlyForDeploymentPostprocessing = 0;
			shellPath = /bin/sh;
			shellScript = "diff \"${PODS_PODFILE_DIR_PATH}/Podfile.lock\" \"${PODS_ROOT}/Manifest.lock\" > /dev/null\nif [ $? != 0 ] ; then\n    # print error to STDERR\n    echo \"error: The sandbox is not in sync with the Podfile.lock. Run 'pod install' or update your CocoaPods installation.\" >&2\n    exit 1\nfi\n# This output is used by Xcode 'outputs' to avoid re-running this script phase.\necho \"SUCCESS\" > \"${SCRIPT_OUTPUT_FILE_0}\"\n";
			showEnvVarsInLog = 0;
		};
/* End PBXShellScriptBuildPhase section */

/* Begin PBXSourcesBuildPhase section */
		18B0B6B2293CDA8A009443B0 /* Sources */ = {
			isa = PBXSourcesBuildPhase;
			buildActionMask = 2147483647;
			files = (
				18B0B6BE293CDA8A009443B0 /* ViewController.swift in Sources */,
				18B0B6BA293CDA8A009443B0 /* AppDelegate.swift in Sources */,
				18B0B6F1293CF28C009443B0 /* cvcProducts.swift in Sources */,
				18A79528293EFAD70013FC9E /* VCprodiscription.swift in Sources */,
				18B0B6EE293CF241009443B0 /* cvcCategory.swift in Sources */,
				18B0B6BC293CDA8A009443B0 /* SceneDelegate.swift in Sources */,
				18B0B6C4293CDA8A009443B0 /* Taskget.xcdatamodeld in Sources */,
			);
			runOnlyForDeploymentPostprocessing = 0;
		};
		18B0B6CB293CDA8C009443B0 /* Sources */ = {
			isa = PBXSourcesBuildPhase;
			buildActionMask = 2147483647;
			files = (
				18B0B6D4293CDA8C009443B0 /* TaskgetTests.swift in Sources */,
			);
			runOnlyForDeploymentPostprocessing = 0;
		};
		18B0B6D5293CDA8C009443B0 /* Sources */ = {
			isa = PBXSourcesBuildPhase;
			buildActionMask = 2147483647;
			files = (
				18B0B6E0293CDA8C009443B0 /* TaskgetUITestsLaunchTests.swift in Sources */,
				18B0B6DE293CDA8C009443B0 /* TaskgetUITests.swift in Sources */,
			);
			runOnlyForDeploymentPostprocessing = 0;
		};
/* End PBXSourcesBuildPhase section */

/* Begin PBXTargetDependency section */
		18B0B6D1293CDA8C009443B0 /* PBXTargetDependency */ = {
			isa = PBXTargetDependency;
			target = 18B0B6B5293CDA8A009443B0 /* Taskget */;
			targetProxy = 18B0B6D0293CDA8C009443B0 /* PBXContainerItemProxy */;
		};
		18B0B6DB293CDA8C009443B0 /* PBXTargetDependency */ = {
			isa = PBXTargetDependency;
			target = 18B0B6B5293CDA8A009443B0 /* Taskget */;
			targetProxy = 18B0B6DA293CDA8C009443B0 /* PBXContainerItemProxy */;
		};
/* End PBXTargetDependency section */

/* Begin PBXVariantGroup section */
		18B0B6BF293CDA8A009443B0 /* Main.storyboard */ = {
			isa = PBXVariantGroup;
			children = (
				18B0B6C0293CDA8A009443B0 /* Base */,
			);
			name = Main.storyboard;
			sourceTree = "<group>";
		};
		18B0B6C7293CDA8C009443B0 /* LaunchScreen.storyboard */ = {
			isa = PBXVariantGroup;
			children = (
				18B0B6C8293CDA8C009443B0 /* Base */,
			);
			name = LaunchScreen.storyboard;
			sourceTree = "<group>";
		};
/* End PBXVariantGroup section */

/* Begin XCBuildConfiguration section */
		18B0B6E1293CDA8C009443B0 /* Debug */ = {
			isa = XCBuildConfiguration;
			buildSettings = {
				ALWAYS_SEARCH_USER_PATHS = NO;
				CLANG_ANALYZER_NONNULL = YES;
				CLANG_ANALYZER_NUMBER_OBJECT_CONVERSION = YES_AGGRESSIVE;
				CLANG_CXX_LANGUAGE_STANDARD = "gnu++20";
				CLANG_ENABLE_MODULES = YES;
				CLANG_ENABLE_OBJC_ARC = YES;
				CLANG_ENABLE_OBJC_WEAK = YES;
				CLANG_WARN_BLOCK_CAPTURE_AUTORELEASING = YES;
				CLANG_WARN_BOOL_CONVERSION = YES;
				CLANG_WARN_COMMA = YES;
				CLANG_WARN_CONSTANT_CONVERSION = YES;
				CLANG_WARN_DEPRECATED_OBJC_IMPLEMENTATIONS = YES;
				CLANG_WARN_DIRECT_OBJC_ISA_USAGE = YES_ERROR;
				CLANG_WARN_DOCUMENTATION_COMMENTS = YES;
				CLANG_WARN_EMPTY_BODY = YES;
				CLANG_WARN_ENUM_CONVERSION = YES;
				CLANG_WARN_INFINITE_RECURSION = YES;
				CLANG_WARN_INT_CONVERSION = YES;
				CLANG_WARN_NON_LITERAL_NULL_CONVERSION = YES;
				CLANG_WARN_OBJC_IMPLICIT_RETAIN_SELF = YES;
				CLANG_WARN_OBJC_LITERAL_CONVERSION = YES;
				CLANG_WARN_OBJC_ROOT_CLASS = YES_ERROR;
				CLANG_WARN_QUOTED_INCLUDE_IN_FRAMEWORK_HEADER = YES;
				CLANG_WARN_RANGE_LOOP_ANALYSIS = YES;
				CLANG_WARN_STRICT_PROTOTYPES = YES;
				CLANG_WARN_SUSPICIOUS_MOVE = YES;
				CLANG_WARN_UNGUARDED_AVAILABILITY = YES_AGGRESSIVE;
				CLANG_WARN_UNREACHABLE_CODE = YES;
				CLANG_WARN__DUPLICATE_METHOD_MATCH = YES;
				COPY_PHASE_STRIP = NO;
				DEBUG_INFORMATION_FORMAT = dwarf;
				ENABLE_STRICT_OBJC_MSGSEND = YES;
				ENABLE_TESTABILITY = YES;
				GCC_C_LANGUAGE_STANDARD = gnu11;
				GCC_DYNAMIC_NO_PIC = NO;
				GCC_NO_COMMON_BLOCKS = YES;
				GCC_OPTIMIZATION_LEVEL = 0;
				GCC_PREPROCESSOR_DEFINITIONS = (
					"DEBUG=1",
					"$(inherited)",
				);
				GCC_WARN_64_TO_32_BIT_CONVERSION = YES;
				GCC_WARN_ABOUT_RETURN_TYPE = YES_ERROR;
				GCC_WARN_UNDECLARED_SELECTOR = YES;
				GCC_WARN_UNINITIALIZED_AUTOS = YES_AGGRESSIVE;
				GCC_WARN_UNUSED_FUNCTION = YES;
				GCC_WARN_UNUSED_VARIABLE = YES;
				IPHONEOS_DEPLOYMENT_TARGET = 16.1;
				MTL_ENABLE_DEBUG_INFO = INCLUDE_SOURCE;
				MTL_FAST_MATH = YES;
				ONLY_ACTIVE_ARCH = YES;
				SDKROOT = iphoneos;
				SWIFT_ACTIVE_COMPILATION_CONDITIONS = DEBUG;
				SWIFT_OPTIMIZATION_LEVEL = "-Onone";
			};
			name = Debug;
		};
		18B0B6E2293CDA8C009443B0 /* Release */ = {
			isa = XCBuildConfiguration;
			buildSettings = {
				ALWAYS_SEARCH_USER_PATHS = NO;
				CLANG_ANALYZER_NONNULL = YES;
				CLANG_ANALYZER_NUMBER_OBJECT_CONVERSION = YES_AGGRESSIVE;
				CLANG_CXX_LANGUAGE_STANDARD = "gnu++20";
				CLANG_ENABLE_MODULES = YES;
				CLANG_ENABLE_OBJC_ARC = YES;
				CLANG_ENABLE_OBJC_WEAK = YES;
				CLANG_WARN_BLOCK_CAPTURE_AUTORELEASING = YES;
				CLANG_WARN_BOOL_CONVERSION = YES;
				CLANG_WARN_COMMA = YES;
				CLANG_WARN_CONSTANT_CONVERSION = YES;
				CLANG_WARN_DEPRECATED_OBJC_IMPLEMENTATIONS = YES;
				CLANG_WARN_DIRECT_OBJC_ISA_USAGE = YES_ERROR;
				CLANG_WARN_DOCUMENTATION_COMMENTS = YES;
				CLANG_WARN_EMPTY_BODY = YES;
				CLANG_WARN_ENUM_CONVERSION = YES;
				CLANG_WARN_INFINITE_RECURSION = YES;
				CLANG_WARN_INT_CONVERSION = YES;
				CLANG_WARN_NON_LITERAL_NULL_CONVERSION = YES;
				CLANG_WARN_OBJC_IMPLICIT_RETAIN_SELF = YES;
				CLANG_WARN_OBJC_LITERAL_CONVERSION = YES;
				CLANG_WARN_OBJC_ROOT_CLASS = YES_ERROR;
				CLANG_WARN_QUOTED_INCLUDE_IN_FRAMEWORK_HEADER = YES;
				CLANG_WARN_RANGE_LOOP_ANALYSIS = YES;
				CLANG_WARN_STRICT_PROTOTYPES = YES;
				CLANG_WARN_SUSPICIOUS_MOVE = YES;
				CLANG_WARN_UNGUARDED_AVAILABILITY = YES_AGGRESSIVE;
				CLANG_WARN_UNREACHABLE_CODE = YES;
				CLANG_WARN__DUPLICATE_METHOD_MATCH = YES;
				COPY_PHASE_STRIP = NO;
				DEBUG_INFORMATION_FORMAT = "dwarf-with-dsym";
				ENABLE_NS_ASSERTIONS = NO;
				ENABLE_STRICT_OBJC_MSGSEND = YES;
				GCC_C_LANGUAGE_STANDARD = gnu11;
				GCC_NO_COMMON_BLOCKS = YES;
				GCC_WARN_64_TO_32_BIT_CONVERSION = YES;
				GCC_WARN_ABOUT_RETURN_TYPE = YES_ERROR;
				GCC_WARN_UNDECLARED_SELECTOR = YES;
				GCC_WARN_UNINITIALIZED_AUTOS = YES_AGGRESSIVE;
				GCC_WARN_UNUSED_FUNCTION = YES;
				GCC_WARN_UNUSED_VARIABLE = YES;
				IPHONEOS_DEPLOYMENT_TARGET = 16.1;
				MTL_ENABLE_DEBUG_INFO = NO;
				MTL_FAST_MATH = YES;
				SDKROOT = iphoneos;
				SWIFT_COMPILATION_MODE = wholemodule;
				SWIFT_OPTIMIZATION_LEVEL = "-O";
				VALIDATE_PRODUCT = YES;
			};
			name = Release;
		};
		18B0B6E4293CDA8C009443B0 /* Debug */ = {
			isa = XCBuildConfiguration;
			baseConfigurationReference = 5BDFCA7306EF2B622EA4E0F4 /* Pods-Taskget.debug.xcconfig */;
			buildSettings = {
				ASSETCATALOG_COMPILER_APPICON_NAME = AppIcon;
				ASSETCATALOG_COMPILER_GLOBAL_ACCENT_COLOR_NAME = AccentColor;
				CODE_SIGN_STYLE = Automatic;
				CURRENT_PROJECT_VERSION = 1;
				DEVELOPMENT_TEAM = 6VGWYDBQ54;
				GENERATE_INFOPLIST_FILE = YES;
				INFOPLIST_FILE = Taskget/Info.plist;
				INFOPLIST_KEY_UIApplicationSupportsIndirectInputEvents = YES;
				INFOPLIST_KEY_UILaunchStoryboardName = LaunchScreen;
				INFOPLIST_KEY_UIMainStoryboardFile = Main;
				INFOPLIST_KEY_UISupportedInterfaceOrientations_iPad = "UIInterfaceOrientationPortrait UIInterfaceOrientationPortraitUpsideDown UIInterfaceOrientationLandscapeLeft UIInterfaceOrientationLandscapeRight";
				INFOPLIST_KEY_UISupportedInterfaceOrientations_iPhone = "UIInterfaceOrientationPortrait UIInterfaceOrientationLandscapeLeft UIInterfaceOrientationLandscapeRight";
				LD_RUNPATH_SEARCH_PATHS = (
					"$(inherited)",
					"@executable_path/Frameworks",
				);
				MARKETING_VERSION = 1.0;
				PRODUCT_BUNDLE_IDENTIFIER = JOTECH.Taskget;
				PRODUCT_NAME = "$(TARGET_NAME)";
				SWIFT_EMIT_LOC_STRINGS = YES;
				SWIFT_VERSION = 5.0;
				TARGETED_DEVICE_FAMILY = "1,2";
			};
			name = Debug;
		};
		18B0B6E5293CDA8C009443B0 /* Release */ = {
			isa = XCBuildConfiguration;
			baseConfigurationReference = 23EF5CB391CF8FD407082E7D /* Pods-Taskget.release.xcconfig */;
			buildSettings = {
				ASSETCATALOG_COMPILER_APPICON_NAME = AppIcon;
				ASSETCATALOG_COMPILER_GLOBAL_ACCENT_COLOR_NAME = AccentColor;
				CODE_SIGN_STYLE = Automatic;
				CURRENT_PROJECT_VERSION = 1;
				DEVELOPMENT_TEAM = 6VGWYDBQ54;
				GENERATE_INFOPLIST_FILE = YES;
				INFOPLIST_FILE = Taskget/Info.plist;
				INFOPLIST_KEY_UIApplicationSupportsIndirectInputEvents = YES;
				INFOPLIST_KEY_UILaunchStoryboardName = LaunchScreen;
				INFOPLIST_KEY_UIMainStoryboardFile = Main;
				INFOPLIST_KEY_UISupportedInterfaceOrientations_iPad = "UIInterfaceOrientationPortrait UIInterfaceOrientationPortraitUpsideDown UIInterfaceOrientationLandscapeLeft UIInterfaceOrientationLandscapeRight";
				INFOPLIST_KEY_UISupportedInterfaceOrientations_iPhone = "UIInterfaceOrientationPortrait UIInterfaceOrientationLandscapeLeft UIInterfaceOrientationLandscapeRight";
				LD_RUNPATH_SEARCH_PATHS = (
					"$(inherited)",
					"@executable_path/Frameworks",
				);
				MARKETING_VERSION = 1.0;
				PRODUCT_BUNDLE_IDENTIFIER = JOTECH.Taskget;
				PRODUCT_NAME = "$(TARGET_NAME)";
				SWIFT_EMIT_LOC_STRINGS = YES;
				SWIFT_VERSION = 5.0;
				TARGETED_DEVICE_FAMILY = "1,2";
			};
			name = Release;
		};
		18B0B6E7293CDA8C009443B0 /* Debug */ = {
			isa = XCBuildConfiguration;
			baseConfigurationReference = BD33F0223D2AC73C229343CB /* Pods-TaskgetTests.debug.xcconfig */;
			buildSettings = {
				ALWAYS_EMBED_SWIFT_STANDARD_LIBRARIES = YES;
				BUNDLE_LOADER = "$(TEST_HOST)";
				CODE_SIGN_STYLE = Automatic;
				CURRENT_PROJECT_VERSION = 1;
				DEVELOPMENT_TEAM = 6VGWYDBQ54;
				GENERATE_INFOPLIST_FILE = YES;
				IPHONEOS_DEPLOYMENT_TARGET = 16.1;
				MARKETING_VERSION = 1.0;
				PRODUCT_BUNDLE_IDENTIFIER = JOTECH.TaskgetTests;
				PRODUCT_NAME = "$(TARGET_NAME)";
				SWIFT_EMIT_LOC_STRINGS = NO;
				SWIFT_VERSION = 5.0;
				TARGETED_DEVICE_FAMILY = "1,2";
				TEST_HOST = "$(BUILT_PRODUCTS_DIR)/Taskget.app/$(BUNDLE_EXECUTABLE_FOLDER_PATH)/Taskget";
			};
			name = Debug;
		};
		18B0B6E8293CDA8C009443B0 /* Release */ = {
			isa = XCBuildConfiguration;
			baseConfigurationReference = 415299C645CA089888463782 /* Pods-TaskgetTests.release.xcconfig */;
			buildSettings = {
				ALWAYS_EMBED_SWIFT_STANDARD_LIBRARIES = YES;
				BUNDLE_LOADER = "$(TEST_HOST)";
				CODE_SIGN_STYLE = Automatic;
				CURRENT_PROJECT_VERSION = 1;
				DEVELOPMENT_TEAM = 6VGWYDBQ54;
				GENERATE_INFOPLIST_FILE = YES;
				IPHONEOS_DEPLOYMENT_TARGET = 16.1;
				MARKETING_VERSION = 1.0;
				PRODUCT_BUNDLE_IDENTIFIER = JOTECH.TaskgetTests;
				PRODUCT_NAME = "$(TARGET_NAME)";
				SWIFT_EMIT_LOC_STRINGS = NO;
				SWIFT_VERSION = 5.0;
				TARGETED_DEVICE_FAMILY = "1,2";
				TEST_HOST = "$(BUILT_PRODUCTS_DIR)/Taskget.app/$(BUNDLE_EXECUTABLE_FOLDER_PATH)/Taskget";
			};
			name = Release;
		};
		18B0B6EA293CDA8C009443B0 /* Debug */ = {
			isa = XCBuildConfiguration;
			baseConfigurationReference = 4EA2529180CC90296328259B /* Pods-Taskget-TaskgetUITests.debug.xcconfig */;
			buildSettings = {
				ALWAYS_EMBED_SWIFT_STANDARD_LIBRARIES = YES;
				CODE_SIGN_STYLE = Automatic;
				CURRENT_PROJECT_VERSION = 1;
				DEVELOPMENT_TEAM = 6VGWYDBQ54;
				GENERATE_INFOPLIST_FILE = YES;
				MARKETING_VERSION = 1.0;
				PRODUCT_BUNDLE_IDENTIFIER = JOTECH.TaskgetUITests;
				PRODUCT_NAME = "$(TARGET_NAME)";
				SWIFT_EMIT_LOC_STRINGS = NO;
				SWIFT_VERSION = 5.0;
				TARGETED_DEVICE_FAMILY = "1,2";
				TEST_TARGET_NAME = Taskget;
			};
			name = Debug;
		};
		18B0B6EB293CDA8C009443B0 /* Release */ = {
			isa = XCBuildConfiguration;
			baseConfigurationReference = 9EDB589DCD482478FC8D6B7E /* Pods-Taskget-TaskgetUITests.release.xcconfig */;
			buildSettings = {
				ALWAYS_EMBED_SWIFT_STANDARD_LIBRARIES = YES;
				CODE_SIGN_STYLE = Automatic;
				CURRENT_PROJECT_VERSION = 1;
				DEVELOPMENT_TEAM = 6VGWYDBQ54;
				GENERATE_INFOPLIST_FILE = YES;
				MARKETING_VERSION = 1.0;
				PRODUCT_BUNDLE_IDENTIFIER = JOTECH.TaskgetUITests;
				PRODUCT_NAME = "$(TARGET_NAME)";
				SWIFT_EMIT_LOC_STRINGS = NO;
				SWIFT_VERSION = 5.0;
				TARGETED_DEVICE_FAMILY = "1,2";
				TEST_TARGET_NAME = Taskget;
			};
			name = Release;
		};
/* End XCBuildConfiguration section */

/* Begin XCConfigurationList section */
		18B0B6B1293CDA8A009443B0 /* Build configuration list for PBXProject "Taskget" */ = {
			isa = XCConfigurationList;
			buildConfigurations = (
				18B0B6E1293CDA8C009443B0 /* Debug */,
				18B0B6E2293CDA8C009443B0 /* Release */,
			);
			defaultConfigurationIsVisible = 0;
			defaultConfigurationName = Release;
		};
		18B0B6E3293CDA8C009443B0 /* Build configuration list for PBXNativeTarget "Taskget" */ = {
			isa = XCConfigurationList;
			buildConfigurations = (
				18B0B6E4293CDA8C009443B0 /* Debug */,
				18B0B6E5293CDA8C009443B0 /* Release */,
			);
			defaultConfigurationIsVisible = 0;
			defaultConfigurationName = Release;
		};
		18B0B6E6293CDA8C009443B0 /* Build configuration list for PBXNativeTarget "TaskgetTests" */ = {
			isa = XCConfigurationList;
			buildConfigurations = (
				18B0B6E7293CDA8C009443B0 /* Debug */,
				18B0B6E8293CDA8C009443B0 /* Release */,
			);
			defaultConfigurationIsVisible = 0;
			defaultConfigurationName = Release;
		};
		18B0B6E9293CDA8C009443B0 /* Build configuration list for PBXNativeTarget "TaskgetUITests" */ = {
			isa = XCConfigurationList;
			buildConfigurations = (
				18B0B6EA293CDA8C009443B0 /* Debug */,
				18B0B6EB293CDA8C009443B0 /* Release */,
			);
			defaultConfigurationIsVisible = 0;
			defaultConfigurationName = Release;
		};
/* End XCConfigurationList section */

/* Begin XCVersionGroup section */
		18B0B6C2293CDA8A009443B0 /* Taskget.xcdatamodeld */ = {
			isa = XCVersionGroup;
			children = (
				18B0B6C3293CDA8A009443B0 /* Taskget.xcdatamodel */,
			);
			currentVersion = 18B0B6C3293CDA8A009443B0 /* Taskget.xcdatamodel */;
			path = Taskget.xcdatamodeld;
			sourceTree = "<group>";
			versionGroupType = wrapper.xcdatamodel;
		};
/* End XCVersionGroup section */
	};
	rootObject = 18B0B6AE293CDA8A009443B0 /* Project object */;
}
