// !$*UTF8*$!
{
	archiveVersion = 1;
	classes = {
	};
	objectVersion = 56;
	objects = {

/* Begin PBXBuildFile section */
		18B0B6BA293CDA8A009443B0 /* AppDelegate.swift in Sources */ = {isa = PBXBuildFile; fileRef = 18B0B6B9293CDA8A009443B0 /* AppDelegate.swift */; };
		18B0B6BC293CDA8A009443B0 /* SceneDelegate.swift in Sources */ = {isa = PBXBuildFile; fileRef = 18B0B6BB293CDA8A009443B0 /* SceneDelegate.swift */; };
		18B0B6BE293CDA8A009443B0 /* ViewController.swift in Sources */ = {isa = PBXBuildFile; fileRef = 18B0B6BD293CDA8A009443B0 /* ViewController.swift */; };
		18B0B6C1293CDA8A009443B0 /* Main.storyboard in Resources */ = {isa = PBXBuildFile; fileRef = 18B0B6BF293CDA8A009443B0 /* Main.storyboard */; };
		18B0B6C4293CDA8A009443B0 /* Taskget.xcdatamodeld in Sources */ = {isa = PBXBuildFile; fileRef = 18B0B6C2293CDA8A009443B0 /* Taskget.xcdatamodeld */; };
		18B0B6C6293CDA8C009443B0 /* Assets.xcassets in Resources */ = {isa = PBXBuildFile; fileRef = 18B0B6C5293CDA8C009443B0 /* Assets.xcassets */; };
		18B0B6C9293CDA8C009443B0 /* LaunchScreen.storyboard in Resources */ = {isa = PBXBuildFile; fileRef = 18B0B6C7293CDA8C009443B0 /* LaunchScreen.storyboard */; };
		18B0B6D4293CDA8C009443B0 /* TaskgetTests.swift in Sources */ = {isa = PBXBuildFile; fileRef = 18B0B6D3293CDA8C009443B0 /* TaskgetTests.swift */; };
		18B0B6DE293CDA8C009443B0 /* TaskgetUITests.swift in Sources */ = {isa = PBXBuildFile; fileRef = 18B0B6DD293CDA8C009443B0 /* TaskgetUITests.swift */; };
		18B0B6E0293CDA8C009443B0 /* TaskgetUITestsLaunchTests.swift in Sources */ = {isa = PBXBuildFile; fileRef = 18B0B6DF293CDA8C009443B0 /* TaskgetUITestsLaunchTests.swift */; };
/* End PBXBuildFile section */

/* Begin PBXContainerItemProxy section */
		18B0B6D0293CDA8C009443B0 /* PBXContainerItemProxy */ = {
			isa = PBXContainerItemProxy;
			containerPortal = 18B0B6AE293CDA8A009443B0 /* Project object */;
			proxyType = 1;
			remoteGlobalIDString = 18B0B6B5293CDA8A009443B0;
			remoteInfo = Taskget;
		};
		18B0B6DA293CDA8C009443B0 /* PBXContainerItemProxy */ = {
			isa = PBXContainerItemProxy;
			containerPortal = 18B0B6AE293CDA8A009443B0 /* Project object */;
			proxyType = 1;
			remoteGlobalIDString = 18B0B6B5293CDA8A009443B0;
			remoteInfo = Taskget;
		};
/* End PBXContainerItemProxy section */

/* Begin PBXFileReference section */
		18B0B6B6293CDA8A009443B0 /* Taskget.app */ = {isa = PBXFileReference; explicitFileType = wrapper.application; includeInIndex = 0; path = Taskget.app; sourceTree = BUILT_PRODUCTS_DIR; };
		18B0B6B9293CDA8A009443B0 /* AppDelegate.swift */ = {isa = PBXFileReference; lastKnownFileType = sourcecode.swift; path = AppDelegate.swift; sourceTree = "<group>"; };
		18B0B6BB293CDA8A009443B0 /* SceneDelegate.swift */ = {isa = PBXFileReference; lastKnownFileType = sourcecode.swift; path = SceneDelegate.swift; sourceTree = "<group>"; };
		18B0B6BD293CDA8A009443B0 /* ViewController.swift */ = {isa = PBXFileReference; lastKnownFileType = sourcecode.swift; path = ViewController.swift; sourceTree = "<group>"; };
		18B0B6C0293CDA8A009443B0 /* Base */ = {isa = PBXFileReference; lastKnownFileType = file.storyboard; name = Base; path = Base.lproj/Main.storyboard; sourceTree = "<group>"; };
		18B0B6C3293CDA8A009443B0 /* Taskget.xcdatamodel */ = {isa = PBXFileReference; lastKnownFileType = wrapper.xcdatamodel; path = Taskget.xcdatamodel; sourceTree = "<group>"; };
		18B0B6C5293CDA8C009443B0 /* Assets.xcassets */ = {isa = PBXFileReference; lastKnownFileType = folder.assetcatalog; path = Assets.xcassets; sourceTree = "<group>"; };
		18B0B6C8293CDA8C009443B0 /* Base */ = {isa = PBXFileReference; lastKnownFileType = file.storyboard; name = Base; path = Base.lproj/LaunchScreen.storyboard; sourceTree = "<group>"; };
		18B0B6CA293CDA8C009443B0 /* Info.plist */ = {isa = PBXFileReference; lastKnownFileType = text.plist.xml; path = Info.plist; sourceTree = "<group>"; };
		18B0B6CF293CDA8C009443B0 /* TaskgetTests.xctest */ = {isa = PBXFileReference; explicitFileType = wrapper.cfbundle; includeInIndex = 0; path = TaskgetTests.xctest; sourceTree = BUILT_PRODUCTS_DIR; };
		18B0B6D3293CDA8C009443B0 /* TaskgetTests.swift */ = {isa = PBXFileReference; lastKnownFileType = sourcecode.swift; path = TaskgetTests.swift; sourceTree = "<group>"; };
		18B0B6D9293CDA8C009443B0 /* TaskgetUITests.xctest */ = {isa = PBXFileReference; explicitFileType = wrapper.cfbundle; includeInIndex = 0; path = TaskgetUITests.xctest; sourceTree = BUILT_PRODUCTS_DIR; };
		18B0B6DD293CDA8C009443B0 /* TaskgetUITests.swift */ = {isa = PBXFileReference; lastKnownFileType = sourcecode.swift; path = TaskgetUITests.swift; sourceTree = "<group>"; };
		18B0B6DF293CDA8C009443B0 /* TaskgetUITestsLaunchTests.swift */ = {isa = PBXFileReference; lastKnownFileType = sourcecode.swift; path = TaskgetUITestsLaunchTests.swift; sourceTree = "<group>"; };
/* End PBXFileReference section */

/* Begin PBXFrameworksBuildPhase section */
		18B0B6B3293CDA8A009443B0 /* Frameworks */ = {
			isa = PBXFrameworksBuildPhase;
			buildActionMask = 2147483647;
			files = (
			);
			runOnlyForDeploymentPostprocessing = 0;
		};
		18B0B6CC293CDA8C009443B0 /* Frameworks */ = {
			isa = PBXFrameworksBuildPhase;
			buildActionMask = 2147483647;
			files = (
			);
			runOnlyForDeploymentPostprocessing = 0;
		};
		18B0B6D6293CDA8C009443B0 /* Frameworks */ = {
			isa = PBXFrameworksBuildPhase;
			buildActionMask = 2147483647;
			files = (
			);
			runOnlyForDeploymentPostprocessing = 0;
		};
/* End PBXFrameworksBuildPhase section */

/* Begin PBXGroup section */
		18B0B6AD293CDA8A009443B0 = {
			isa = PBXGroup;
			children = (
				18B0B6B8293CDA8A009443B0 /* Taskget */,
				18B0B6D2293CDA8C009443B0 /* TaskgetTests */,
				18B0B6DC293CDA8C009443B0 /* TaskgetUITests */,
				18B0B6B7293CDA8A009443B0 /* Products */,
			);
			sourceTree = "<group>";
		};
		18B0B6B7293CDA8A009443B0 /* Products */ = {
			isa = PBXGroup;
			children = (
				18B0B6B6293CDA8A009443B0 /* Taskget.app */,
				18B0B6CF293CDA8C009443B0 /* TaskgetTests.xctest */,
				18B0B6D9293CDA8C009443B0 /* TaskgetUITests.xctest */,
			);
			name = Products;
			sourceTree = "<group>";
		};
		18B0B6B8293CDA8A009443B0 /* Taskget */ = {
			isa = PBXGroup;
			children = (
				18B0B6B9293CDA8A009443B0 /* AppDelegate.swift */,
				18B0B6BB293CDA8A009443B0 /* SceneDelegate.swift */,
				18B0B6BD293CDA8A009443B0 /* ViewController.swift */,
				18B0B6BF293CDA8A009443B0 /* Main.storyboard */,
				18B0B6C5293CDA8C009443B0 /* Assets.xcassets */,
				18B0B6C7293CDA8C009443B0 /* LaunchScreen.storyboard */,
				18B0B6CA293CDA8C009443B0 /* Info.plist */,
				18B0B6C2293CDA8A009443B0 /* Taskget.xcdatamodeld */,
			);
			path = Taskget;
			sourceTree = "<group>";
		};
		18B0B6D2293CDA8C009443B0 /* TaskgetTests */ = {
			isa = PBXGroup;
			children = (
				18B0B6D3293CDA8C009443B0 /* TaskgetTests.swift */,
			);
			path = TaskgetTests;
			sourceTree = "<group>";
		};
		18B0B6DC293CDA8C009443B0 /* TaskgetUITests */ = {
			isa = PBXGroup;
			children = (
				18B0B6DD293CDA8C009443B0 /* TaskgetUITests.swift */,
				18B0B6DF293CDA8C009443B0 /* TaskgetUITestsLaunchTests.swift */,
			);
			path = TaskgetUITests;
			sourceTree = "<group>";
		};
/* End PBXGroup section */

/* Begin PBXNativeTarget section */
		18B0B6B5293CDA8A009443B0 /* Taskget */ = {
			isa = PBXNativeTarget;
			buildConfigurationList = 18B0B6E3293CDA8C009443B0 /* Build configuration list for PBXNativeTarget "Taskget" */;
			buildPhases = (
				18B0B6B2293CDA8A009443B0 /* Sources */,
				18B0B6B3293CDA8A009443B0 /* Frameworks */,
				18B0B6B4293CDA8A009443B0 /* Resources */,
			);
			buildRules = (
			);
			dependencies = (
			);
			name = Taskget;
			productName = Taskget;
			productReference = 18B0B6B6293CDA8A009443B0 /* Taskget.app */;
			productType = "com.apple.product-type.application";
		};
		18B0B6CE293CDA8C009443B0 /* TaskgetTests */ = {
			isa = PBXNativeTarget;
			buildConfigurationList = 18B0B6E6293CDA8C009443B0 /* Build configuration list for PBXNativeTarget "TaskgetTests" */;
			buildPhases = (
				18B0B6CB293CDA8C009443B0 /* Sources */,
				18B0B6CC293CDA8C009443B0 /* Frameworks */,
				18B0B6CD293CDA8C009443B0 /* Resources */,
			);
			buildRules = (
			);
			dependencies = (
				18B0B6D1293CDA8C009443B0 /* PBXTargetDependency */,
			);
			name = TaskgetTests;
			productName = TaskgetTests;
			productReference = 18B0B6CF293CDA8C009443B0 /* TaskgetTests.xctest */;
			productType = "com.apple.product-type.bundle.unit-test";
		};
		18B0B6D8293CDA8C009443B0 /* TaskgetUITests */ = {
			isa = PBXNativeTarget;
			buildConfigurationList = 18B0B6E9293CDA8C009443B0 /* Build configuration list for PBXNativeTarget "TaskgetUITests" */;
			buildPhases = (
				18B0B6D5293CDA8C009443B0 /* Sources */,
				18B0B6D6293CDA8C009443B0 /* Frameworks */,
				18B0B6D7293CDA8C009443B0 /* Resources */,
			);
			buildRules = (
			);
			dependencies = (
				18B0B6DB293CDA8C009443B0 /* PBXTargetDependency */,
			);
			name = TaskgetUITests;
			productName = TaskgetUITests;
			productReference = 18B0B6D9293CDA8C009443B0 /* TaskgetUITests.xctest */;
			productType = "com.apple.product-type.bundle.ui-testing";
		};
/* End PBXNativeTarget section */

/* Begin PBXProject section */
		18B0B6AE293CDA8A009443B0 /* Project object */ = {
			isa = PBXProject;
			attributes = {
				BuildIndependentTargetsInParallel = 1;
				LastSwiftUpdateCheck = 1410;
				LastUpgradeCheck = 1410;
				TargetAttributes = {
					18B0B6B5293CDA8A009443B0 = {
						CreatedOnToolsVersion = 14.1;
					};
					18B0B6CE293CDA8C009443B0 = {
						CreatedOnToolsVersion = 14.1;
						TestTargetID = 18B0B6B5293CDA8A009443B0;
					};
					18B0B6D8293CDA8C009443B0 = {
						CreatedOnToolsVersion = 14.1;
						TestTargetID = 18B0B6B5293CDA8A009443B0;
					};
				};
			};
			buildConfigurationList = 18B0B6B1293CDA8A009443B0 /* Build configuration list for PBXProject "Taskget" */;
			compatibilityVersion = "Xcode 14.0";
			developmentRegion = en;
			hasScannedForEncodings = 0;
			knownRegions = (
				en,
				Base,
			);
			mainGroup = 18B0B6AD293CDA8A009443B0;
			productRefGroup = 18B0B6B7293CDA8A009443B0 /* Products */;
			projectDirPath = "";
			projectRoot = "";
			targets = (
				18B0B6B5293CDA8A009443B0 /* Taskget */,
				18B0B6CE293CDA8C009443B0 /* TaskgetTests */,
				18B0B6D8293CDA8C009443B0 /* TaskgetUITests */,
			);
		};
/* End PBXProject section */

/* Begin PBXResourcesBuildPhase section */
		18B0B6B4293CDA8A009443B0 /* Resources */ = {
			isa = PBXResourcesBuildPhase;
			buildActionMask = 2147483647;
			files = (
				18B0B6C9293CDA8C009443B0 /* LaunchScreen.storyboard in Resources */,
				18B0B6C6293CDA8C009443B0 /* Assets.xcassets in Resources */,
				18B0B6C1293CDA8A009443B0 /* Main.storyboard in Resources */,
			);
			runOnlyForDeploymentPostprocessing = 0;
		};
		18B0B6CD293CDA8C009443B0 /* Resources */ = {
			isa = PBXResourcesBuildPhase;
			buildActionMask = 2147483647;
			files = (
			);
			runOnlyForDeploymentPostprocessing = 0;
		};
		18B0B6D7293CDA8C009443B0 /* Resources */ = {
			isa = PBXResourcesBuildPhase;
			buildActionMask = 2147483647;
			files = (
			);
			runOnlyForDeploymentPostprocessing = 0;
		};
/* End PBXResourcesBuildPhase section */

/* Begin PBXSourcesBuildPhase section */
		18B0B6B2293CDA8A009443B0 /* Sources */ = {
			isa = PBXSourcesBuildPhase;
			buildActionMask = 2147483647;
			files = (
				18B0B6BE293CDA8A009443B0 /* ViewController.swift in Sources */,
				18B0B6BA293CDA8A009443B0 /* AppDelegate.swift in Sources */,
				18B0B6BC293CDA8A009443B0 /* SceneDelegate.swift in Sources */,
				18B0B6C4293CDA8A009443B0 /* Taskget.xcdatamodeld in Sources */,
			);
			runOnlyForDeploymentPostprocessing = 0;
		};
		18B0B6CB293CDA8C009443B0 /* Sources */ = {
			isa = PBXSourcesBuildPhase;
			buildActionMask = 2147483647;
			files = (
				18B0B6D4293CDA8C009443B0 /* TaskgetTests.swift in Sources */,
			);
			runOnlyForDeploymentPostprocessing = 0;
		};
		18B0B6D5293CDA8C009443B0 /* Sources */ = {
			isa = PBXSourcesBuildPhase;
			buildActionMask = 2147483647;
			files = (
				18B0B6E0293CDA8C009443B0 /* TaskgetUITestsLaunchTests.swift in Sources */,
				18B0B6DE293CDA8C009443B0 /* TaskgetUITests.swift in Sources */,
			);
			runOnlyForDeploymentPostprocessing = 0;
		};
/* End PBXSourcesBuildPhase section */

/* Begin PBXTargetDependency section */
		18B0B6D1293CDA8C009443B0 /* PBXTargetDependency */ = {
			isa = PBXTargetDependency;
			target = 18B0B6B5293CDA8A009443B0 /* Taskget */;
			targetProxy = 18B0B6D0293CDA8C009443B0 /* PBXContainerItemProxy */;
		};
		18B0B6DB293CDA8C009443B0 /* PBXTargetDependency */ = {
			isa = PBXTargetDependency;
			target = 18B0B6B5293CDA8A009443B0 /* Taskget */;
			targetProxy = 18B0B6DA293CDA8C009443B0 /* PBXContainerItemProxy */;
		};
/* End PBXTargetDependency section */

/* Begin PBXVariantGroup section */
		18B0B6BF293CDA8A009443B0 /* Main.storyboard */ = {
			isa = PBXVariantGroup;
			children = (
				18B0B6C0293CDA8A009443B0 /* Base */,
			);
			name = Main.storyboard;
			sourceTree = "<group>";
		};
		18B0B6C7293CDA8C009443B0 /* LaunchScreen.storyboard */ = {
			isa = PBXVariantGroup;
			children = (
				18B0B6C8293CDA8C009443B0 /* Base */,
			);
			name = LaunchScreen.storyboard;
			sourceTree = "<group>";
		};
/* End PBXVariantGroup section */

/* Begin XCBuildConfiguration section */
		18B0B6E1293CDA8C009443B0 /* Debug */ = {
			isa = XCBuildConfiguration;
			buildSettings = {
				ALWAYS_SEARCH_USER_PATHS = NO;
				CLANG_ANALYZER_NONNULL = YES;
				CLANG_ANALYZER_NUMBER_OBJECT_CONVERSION = YES_AGGRESSIVE;
				CLANG_CXX_LANGUAGE_STANDARD = "gnu++20";
				CLANG_ENABLE_MODULES = YES;
				CLANG_ENABLE_OBJC_ARC = YES;
				CLANG_ENABLE_OBJC_WEAK = YES;
				CLANG_WARN_BLOCK_CAPTURE_AUTORELEASING = YES;
				CLANG_WARN_BOOL_CONVERSION = YES;
				CLANG_WARN_COMMA = YES;
				CLANG_WARN_CONSTANT_CONVERSION = YES;
				CLANG_WARN_DEPRECATED_OBJC_IMPLEMENTATIONS = YES;
				CLANG_WARN_DIRECT_OBJC_ISA_USAGE = YES_ERROR;
				CLANG_WARN_DOCUMENTATION_COMMENTS = YES;
				CLANG_WARN_EMPTY_BODY = YES;
				CLANG_WARN_ENUM_CONVERSION = YES;
				CLANG_WARN_INFINITE_RECURSION = YES;
				CLANG_WARN_INT_CONVERSION = YES;
				CLANG_WARN_NON_LITERAL_NULL_CONVERSION = YES;
				CLANG_WARN_OBJC_IMPLICIT_RETAIN_SELF = YES;
				CLANG_WARN_OBJC_LITERAL_CONVERSION = YES;
				CLANG_WARN_OBJC_ROOT_CLASS = YES_ERROR;
				CLANG_WARN_QUOTED_INCLUDE_IN_FRAMEWORK_HEADER = YES;
				CLANG_WARN_RANGE_LOOP_ANALYSIS = YES;
				CLANG_WARN_STRICT_PROTOTYPES = YES;
				CLANG_WARN_SUSPICIOUS_MOVE = YES;
				CLANG_WARN_UNGUARDED_AVAILABILITY = YES_AGGRESSIVE;
				CLANG_WARN_UNREACHABLE_CODE = YES;
				CLANG_WARN__DUPLICATE_METHOD_MATCH = YES;
				COPY_PHASE_STRIP = NO;
				DEBUG_INFORMATION_FORMAT = dwarf;
				ENABLE_STRICT_OBJC_MSGSEND = YES;
				ENABLE_TESTABILITY = YES;
				GCC_C_LANGUAGE_STANDARD = gnu11;
				GCC_DYNAMIC_NO_PIC = NO;
				GCC_NO_COMMON_BLOCKS = YES;
				GCC_OPTIMIZATION_LEVEL = 0;
				GCC_PREPROCESSOR_DEFINITIONS = (
					"DEBUG=1",
					"$(inherited)",
				);
				GCC_WARN_64_TO_32_BIT_CONVERSION = YES;
				GCC_WARN_ABOUT_RETURN_TYPE = YES_ERROR;
				GCC_WARN_UNDECLARED_SELECTOR = YES;
				GCC_WARN_UNINITIALIZED_AUTOS = YES_AGGRESSIVE;
				GCC_WARN_UNUSED_FUNCTION = YES;
				GCC_WARN_UNUSED_VARIABLE = YES;
				IPHONEOS_DEPLOYMENT_TARGET = 16.1;
				MTL_ENABLE_DEBUG_INFO = INCLUDE_SOURCE;
				MTL_FAST_MATH = YES;
				ONLY_ACTIVE_ARCH = YES;
				SDKROOT = iphoneos;
				SWIFT_ACTIVE_COMPILATION_CONDITIONS = DEBUG;
				SWIFT_OPTIMIZATION_LEVEL = "-Onone";
			};
			name = Debug;
		};
		18B0B6E2293CDA8C009443B0 /* Release */ = {
			isa = XCBuildConfiguration;
			buildSettings = {
				ALWAYS_SEARCH_USER_PATHS = NO;
				CLANG_ANALYZER_NONNULL = YES;
				CLANG_ANALYZER_NUMBER_OBJECT_CONVERSION = YES_AGGRESSIVE;
				CLANG_CXX_LANGUAGE_STANDARD = "gnu++20";
				CLANG_ENABLE_MODULES = YES;
				CLANG_ENABLE_OBJC_ARC = YES;
				CLANG_ENABLE_OBJC_WEAK = YES;
				CLANG_WARN_BLOCK_CAPTURE_AUTORELEASING = YES;
				CLANG_WARN_BOOL_CONVERSION = YES;
				CLANG_WARN_COMMA = YES;
				CLANG_WARN_CONSTANT_CONVERSION = YES;
				CLANG_WARN_DEPRECATED_OBJC_IMPLEMENTATIONS = YES;
				CLANG_WARN_DIRECT_OBJC_ISA_USAGE = YES_ERROR;
				CLANG_WARN_DOCUMENTATION_COMMENTS = YES;
				CLANG_WARN_EMPTY_BODY = YES;
				CLANG_WARN_ENUM_CONVERSION = YES;
				CLANG_WARN_INFINITE_RECURSION = YES;
				CLANG_WARN_INT_CONVERSION = YES;
				CLANG_WARN_NON_LITERAL_NULL_CONVERSION = YES;
				CLANG_WARN_OBJC_IMPLICIT_RETAIN_SELF = YES;
				CLANG_WARN_OBJC_LITERAL_CONVERSION = YES;
				CLANG_WARN_OBJC_ROOT_CLASS = YES_ERROR;
				CLANG_WARN_QUOTED_INCLUDE_IN_FRAMEWORK_HEADER = YES;
				CLANG_WARN_RANGE_LOOP_ANALYSIS = YES;
				CLANG_WARN_STRICT_PROTOTYPES = YES;
				CLANG_WARN_SUSPICIOUS_MOVE = YES;
				CLANG_WARN_UNGUARDED_AVAILABILITY = YES_AGGRESSIVE;
				CLANG_WARN_UNREACHABLE_CODE = YES;
				CLANG_WARN__DUPLICATE_METHOD_MATCH = YES;
				COPY_PHASE_STRIP = NO;
				DEBUG_INFORMATION_FORMAT = "dwarf-with-dsym";
				ENABLE_NS_ASSERTIONS = NO;
				ENABLE_STRICT_OBJC_MSGSEND = YES;
				GCC_C_LANGUAGE_STANDARD = gnu11;
				GCC_NO_COMMON_BLOCKS = YES;
				GCC_WARN_64_TO_32_BIT_CONVERSION = YES;
				GCC_WARN_ABOUT_RETURN_TYPE = YES_ERROR;
				GCC_WARN_UNDECLARED_SELECTOR = YES;
				GCC_WARN_UNINITIALIZED_AUTOS = YES_AGGRESSIVE;
				GCC_WARN_UNUSED_FUNCTION = YES;
				GCC_WARN_UNUSED_VARIABLE = YES;
				IPHONEOS_DEPLOYMENT_TARGET = 16.1;
				MTL_ENABLE_DEBUG_INFO = NO;
				MTL_FAST_MATH = YES;
				SDKROOT = iphoneos;
				SWIFT_COMPILATION_MODE = wholemodule;
				SWIFT_OPTIMIZATION_LEVEL = "-O";
				VALIDATE_PRODUCT = YES;
			};
			name = Release;
		};
		18B0B6E4293CDA8C009443B0 /* Debug */ = {
			isa = XCBuildConfiguration;
			buildSettings = {
				ASSETCATALOG_COMPILER_APPICON_NAME = AppIcon;
				ASSETCATALOG_COMPILER_GLOBAL_ACCENT_COLOR_NAME = AccentColor;
				CODE_SIGN_STYLE = Automatic;
				CURRENT_PROJECT_VERSION = 1;
				DEVELOPMENT_TEAM = 6VGWYDBQ54;
				GENERATE_INFOPLIST_FILE = YES;
				INFOPLIST_FILE = Taskget/Info.plist;
				INFOPLIST_KEY_UIApplicationSupportsIndirectInputEvents = YES;
				INFOPLIST_KEY_UILaunchStoryboardName = LaunchScreen;
				INFOPLIST_KEY_UIMainStoryboardFile = Main;
				INFOPLIST_KEY_UISupportedInterfaceOrientations_iPad = "UIInterfaceOrientationPortrait UIInterfaceOrientationPortraitUpsideDown UIInterfaceOrientationLandscapeLeft UIInterfaceOrientationLandscapeRight";
				INFOPLIST_KEY_UISupportedInterfaceOrientations_iPhone = "UIInterfaceOrientationPortrait UIInterfaceOrientationLandscapeLeft UIInterfaceOrientationLandscapeRight";
				LD_RUNPATH_SEARCH_PATHS = (
					"$(inherited)",
					"@executable_path/Frameworks",
				);
				MARKETING_VERSION = 1.0;
				PRODUCT_BUNDLE_IDENTIFIER = JOTECH.Taskget;
				PRODUCT_NAME = "$(TARGET_NAME)";
				SWIFT_EMIT_LOC_STRINGS = YES;
				SWIFT_VERSION = 5.0;
				TARGETED_DEVICE_FAMILY = "1,2";
			};
			name = Debug;
		};
		18B0B6E5293CDA8C009443B0 /* Release */ = {
			isa = XCBuildConfiguration;
			buildSettings = {
				ASSETCATALOG_COMPILER_APPICON_NAME = AppIcon;
				ASSETCATALOG_COMPILER_GLOBAL_ACCENT_COLOR_NAME = AccentColor;
				CODE_SIGN_STYLE = Automatic;
				CURRENT_PROJECT_VERSION = 1;
				DEVELOPMENT_TEAM = 6VGWYDBQ54;
				GENERATE_INFOPLIST_FILE = YES;
				INFOPLIST_FILE = Taskget/Info.plist;
				INFOPLIST_KEY_UIApplicationSupportsIndirectInputEvents = YES;
				INFOPLIST_KEY_UILaunchStoryboardName = LaunchScreen;
				INFOPLIST_KEY_UIMainStoryboardFile = Main;
				INFOPLIST_KEY_UISupportedInterfaceOrientations_iPad = "UIInterfaceOrientationPortrait UIInterfaceOrientationPortraitUpsideDown UIInterfaceOrientationLandscapeLeft UIInterfaceOrientationLandscapeRight";
				INFOPLIST_KEY_UISupportedInterfaceOrientations_iPhone = "UIInterfaceOrientationPortrait UIInterfaceOrientationLandscapeLeft UIInterfaceOrientationLandscapeRight";
				LD_RUNPATH_SEARCH_PATHS = (
					"$(inherited)",
					"@executable_path/Frameworks",
				);
				MARKETING_VERSION = 1.0;
				PRODUCT_BUNDLE_IDENTIFIER = JOTECH.Taskget;
				PRODUCT_NAME = "$(TARGET_NAME)";
				SWIFT_EMIT_LOC_STRINGS = YES;
				SWIFT_VERSION = 5.0;
				TARGETED_DEVICE_FAMILY = "1,2";
			};
			name = Release;
		};
		18B0B6E7293CDA8C009443B0 /* Debug */ = {
			isa = XCBuildConfiguration;
			buildSettings = {
				ALWAYS_EMBED_SWIFT_STANDARD_LIBRARIES = YES;
				BUNDLE_LOADER = "$(TEST_HOST)";
				CODE_SIGN_STYLE = Automatic;
				CURRENT_PROJECT_VERSION = 1;
				DEVELOPMENT_TEAM = 6VGWYDBQ54;
				GENERATE_INFOPLIST_FILE = YES;
				IPHONEOS_DEPLOYMENT_TARGET = 16.1;
				MARKETING_VERSION = 1.0;
				PRODUCT_BUNDLE_IDENTIFIER = JOTECH.TaskgetTests;
				PRODUCT_NAME = "$(TARGET_NAME)";
				SWIFT_EMIT_LOC_STRINGS = NO;
				SWIFT_VERSION = 5.0;
				TARGETED_DEVICE_FAMILY = "1,2";
				TEST_HOST = "$(BUILT_PRODUCTS_DIR)/Taskget.app/$(BUNDLE_EXECUTABLE_FOLDER_PATH)/Taskget";
			};
			name = Debug;
		};
		18B0B6E8293CDA8C009443B0 /* Release */ = {
			isa = XCBuildConfiguration;
			buildSettings = {
				ALWAYS_EMBED_SWIFT_STANDARD_LIBRARIES = YES;
				BUNDLE_LOADER = "$(TEST_HOST)";
				CODE_SIGN_STYLE = Automatic;
				CURRENT_PROJECT_VERSION = 1;
				DEVELOPMENT_TEAM = 6VGWYDBQ54;
				GENERATE_INFOPLIST_FILE = YES;
				IPHONEOS_DEPLOYMENT_TARGET = 16.1;
				MARKETING_VERSION = 1.0;
				PRODUCT_BUNDLE_IDENTIFIER = JOTECH.TaskgetTests;
				PRODUCT_NAME = "$(TARGET_NAME)";
				SWIFT_EMIT_LOC_STRINGS = NO;
				SWIFT_VERSION = 5.0;
				TARGETED_DEVICE_FAMILY = "1,2";
				TEST_HOST = "$(BUILT_PRODUCTS_DIR)/Taskget.app/$(BUNDLE_EXECUTABLE_FOLDER_PATH)/Taskget";
			};
			name = Release;
		};
		18B0B6EA293CDA8C009443B0 /* Debug */ = {
			isa = XCBuildConfiguration;
			buildSettings = {
				ALWAYS_EMBED_SWIFT_STANDARD_LIBRARIES = YES;
				CODE_SIGN_STYLE = Automatic;
				CURRENT_PROJECT_VERSION = 1;
				DEVELOPMENT_TEAM = 6VGWYDBQ54;
				GENERATE_INFOPLIST_FILE = YES;
				MARKETING_VERSION = 1.0;
				PRODUCT_BUNDLE_IDENTIFIER = JOTECH.TaskgetUITests;
				PRODUCT_NAME = "$(TARGET_NAME)";
				SWIFT_EMIT_LOC_STRINGS = NO;
				SWIFT_VERSION = 5.0;
				TARGETED_DEVICE_FAMILY = "1,2";
				TEST_TARGET_NAME = Taskget;
			};
			name = Debug;
		};
		18B0B6EB293CDA8C009443B0 /* Release */ = {
			isa = XCBuildConfiguration;
			buildSettings = {
				ALWAYS_EMBED_SWIFT_STANDARD_LIBRARIES = YES;
				CODE_SIGN_STYLE = Automatic;
				CURRENT_PROJECT_VERSION = 1;
				DEVELOPMENT_TEAM = 6VGWYDBQ54;
				GENERATE_INFOPLIST_FILE = YES;
				MARKETING_VERSION = 1.0;
				PRODUCT_BUNDLE_IDENTIFIER = JOTECH.TaskgetUITests;
				PRODUCT_NAME = "$(TARGET_NAME)";
				SWIFT_EMIT_LOC_STRINGS = NO;
				SWIFT_VERSION = 5.0;
				TARGETED_DEVICE_FAMILY = "1,2";
				TEST_TARGET_NAME = Taskget;
			};
			name = Release;
		};
/* End XCBuildConfiguration section */

/* Begin XCConfigurationList section */
		18B0B6B1293CDA8A009443B0 /* Build configuration list for PBXProject "Taskget" */ = {
			isa = XCConfigurationList;
			buildConfigurations = (
				18B0B6E1293CDA8C009443B0 /* Debug */,
				18B0B6E2293CDA8C009443B0 /* Release */,
			);
			defaultConfigurationIsVisible = 0;
			defaultConfigurationName = Release;
		};
		18B0B6E3293CDA8C009443B0 /* Build configuration list for PBXNativeTarget "Taskget" */ = {
			isa = XCConfigurationList;
			buildConfigurations = (
				18B0B6E4293CDA8C009443B0 /* Debug */,
				18B0B6E5293CDA8C009443B0 /* Release */,
			);
			defaultConfigurationIsVisible = 0;
			defaultConfigurationName = Release;
		};
		18B0B6E6293CDA8C009443B0 /* Build configuration list for PBXNativeTarget "TaskgetTests" */ = {
			isa = XCConfigurationList;
			buildConfigurations = (
				18B0B6E7293CDA8C009443B0 /* Debug */,
				18B0B6E8293CDA8C009443B0 /* Release */,
			);
			defaultConfigurationIsVisible = 0;
			defaultConfigurationName = Release;
		};
		18B0B6E9293CDA8C009443B0 /* Build configuration list for PBXNativeTarget "TaskgetUITests" */ = {
			isa = XCConfigurationList;
			buildConfigurations = (
				18B0B6EA293CDA8C009443B0 /* Debug */,
				18B0B6EB293CDA8C009443B0 /* Release */,
			);
			defaultConfigurationIsVisible = 0;
			defaultConfigurationName = Release;
		};
/* End XCConfigurationList section */

/* Begin XCVersionGroup section */
		18B0B6C2293CDA8A009443B0 /* Taskget.xcdatamodeld */ = {
			isa = XCVersionGroup;
			children = (
				18B0B6C3293CDA8A009443B0 /* Taskget.xcdatamodel */,
			);
			currentVersion = 18B0B6C3293CDA8A009443B0 /* Taskget.xcdatamodel */;
			path = Taskget.xcdatamodeld;
			sourceTree = "<group>";
			versionGroupType = wrapper.xcdatamodel;
		};
/* End XCVersionGroup section */
	};
	rootObject = 18B0B6AE293CDA8A009443B0 /* Project object */;
}
